
Microsoft Visual Studio Solution File, Format Version 12.00
# Visual Studio Version 17
VisualStudioVersion = 17.1.32421.90
MinimumVisualStudioVersion = 10.0.40219.1
Project("{888888A0-9F3D-457C-B088-3A5042F75D52}") = "Python_Backtester", "Python_Backtester.pyproj", "{63966EA8-3423-4131-B406-4170C3F5BB55}"
EndProject
Global
	GlobalSection(SolutionConfigurationPlatforms) = preSolution
		Debug|Any CPU = Debug|Any CPU
		Release|Any CPU = Release|Any CPU
	EndGlobalSection
	GlobalSection(ProjectConfigurationPlatforms) = postSolution
		{63966EA8-3423-4131-B406-4170C3F5BB55}.Debug|Any CPU.ActiveCfg = Debug|Any CPU
		{63966EA8-3423-4131-B406-4170C3F5BB55}.Release|Any CPU.ActiveCfg = Release|Any CPU
	EndGlobalSection
	GlobalSection(SolutionProperties) = preSolution
		HideSolutionNode = FALSE
	EndGlobalSection
	GlobalSection(ExtensibilityGlobals) = postSolution
		SolutionGuid = {365F7BF2-0B6C-4E4E-BB1E-F16015359558}
	EndGlobalSection
EndGlobal
