
Microsoft Visual Studio Solution File, Format Version 12.00
# Visual Studio Version 17
VisualStudioVersion = 17.2.32516.85
MinimumVisualStudioVersion = 10.0.40219.1
Project("{888888A0-9F3D-457C-B088-3A5042F75D52}") = "Backtester - VWAP Short", "Backtester - VWAP Short.pyproj", "{F3749A71-FCF0-40D9-AB11-38AED0F96360}"
EndProject
Global
	GlobalSection(SolutionConfigurationPlatforms) = preSolution
		Debug|Any CPU = Debug|Any CPU
		Release|Any CPU = Release|Any CPU
	EndGlobalSection
	GlobalSection(ProjectConfigurationPlatforms) = postSolution
		{F3749A71-FCF0-40D9-AB11-38AED0F96360}.Debug|Any CPU.ActiveCfg = Debug|Any CPU
		{F3749A71-FCF0-40D9-AB11-38AED0F96360}.Release|Any CPU.ActiveCfg = Release|Any CPU
	EndGlobalSection
	GlobalSection(SolutionProperties) = preSolution
		HideSolutionNode = FALSE
	EndGlobalSection
	GlobalSection(ExtensibilityGlobals) = postSolution
		SolutionGuid = {FE0DF461-0FE6-47EC-A1FC-AAB62209F363}
	EndGlobalSection
EndGlobal
